
Microsoft Visual Studio Solution File, Format Version 12.00
# Visual Studio Version 16
VisualStudioVersion = 16.0.30011.22
MinimumVisualStudioVersion = 10.0.40219.1
Project("{FAE04EC0-301F-11D3-BF4B-00C04F79EFBC}") = "DotNet.DBApplication", "DotNetDBApplication\DotNet.DBApplication.csproj", "{1D82F949-5362-47CC-A77E-A8F137327116}"
EndProject
Project("{9A19103F-16F7-4668-BE54-9A1E7A4F7556}") = "DotNet.DBApplication.Core", "DotNetDBApplication.Core\DotNet.DBApplication.Core.csproj", "{8998D012-49CE-4A84-917E-FD4FFEC3FEF5}"
EndProject
Project("{9A19103F-16F7-4668-BE54-9A1E7A4F7556}") = "DotNet.DBApplication.WebApi", "DotNetDBApplication.WebApi\DotNet.DBApplication.WebApi.csproj", "{64716EB6-B92C-4A2D-A505-C404C44A181D}"
EndProject
Project("{9A19103F-16F7-4668-BE54-9A1E7A4F7556}") = "DotNet.DataAccess", "DotNet.DataAccess\DotNet.DataAccess.csproj", "{B68572AC-1DBE-47AF-8686-8FF11299CDA0}"
EndProject
Global
	GlobalSection(SolutionConfigurationPlatforms) = preSolution
		Debug|Any CPU = Debug|Any CPU
		Debug|ARM = Debug|ARM
		Debug|ARM64 = Debug|ARM64
		Debug|x64 = Debug|x64
		Debug|x86 = Debug|x86
		Release|Any CPU = Release|Any CPU
		Release|ARM = Release|ARM
		Release|ARM64 = Release|ARM64
		Release|x64 = Release|x64
		Release|x86 = Release|x86
	EndGlobalSection
	GlobalSection(ProjectConfigurationPlatforms) = postSolution
		{1D82F949-5362-47CC-A77E-A8F137327116}.Debug|Any CPU.ActiveCfg = Debug|x86
		{1D82F949-5362-47CC-A77E-A8F137327116}.Debug|ARM.ActiveCfg = Debug|ARM
		{1D82F949-5362-47CC-A77E-A8F137327116}.Debug|ARM.Build.0 = Debug|ARM
		{1D82F949-5362-47CC-A77E-A8F137327116}.Debug|ARM.Deploy.0 = Debug|ARM
		{1D82F949-5362-47CC-A77E-A8F137327116}.Debug|ARM64.ActiveCfg = Debug|ARM64
		{1D82F949-5362-47CC-A77E-A8F137327116}.Debug|ARM64.Build.0 = Debug|ARM64
		{1D82F949-5362-47CC-A77E-A8F137327116}.Debug|ARM64.Deploy.0 = Debug|ARM64
		{1D82F949-5362-47CC-A77E-A8F137327116}.Debug|x64.ActiveCfg = Debug|x64
		{1D82F949-5362-47CC-A77E-A8F137327116}.Debug|x64.Build.0 = Debug|x64
		{1D82F949-5362-47CC-A77E-A8F137327116}.Debug|x64.Deploy.0 = Debug|x64
		{1D82F949-5362-47CC-A77E-A8F137327116}.Debug|x86.ActiveCfg = Debug|x86
		{1D82F949-5362-47CC-A77E-A8F137327116}.Debug|x86.Build.0 = Debug|x86
		{1D82F949-5362-47CC-A77E-A8F137327116}.Debug|x86.Deploy.0 = Debug|x86
		{1D82F949-5362-47CC-A77E-A8F137327116}.Release|Any CPU.ActiveCfg = Release|x86
		{1D82F949-5362-47CC-A77E-A8F137327116}.Release|ARM.ActiveCfg = Release|ARM
		{1D82F949-5362-47CC-A77E-A8F137327116}.Release|ARM.Build.0 = Release|ARM
		{1D82F949-5362-47CC-A77E-A8F137327116}.Release|ARM.Deploy.0 = Release|ARM
		{1D82F949-5362-47CC-A77E-A8F137327116}.Release|ARM64.ActiveCfg = Release|ARM64
		{1D82F949-5362-47CC-A77E-A8F137327116}.Release|ARM64.Build.0 = Release|ARM64
		{1D82F949-5362-47CC-A77E-A8F137327116}.Release|ARM64.Deploy.0 = Release|ARM64
		{1D82F949-5362-47CC-A77E-A8F137327116}.Release|x64.ActiveCfg = Release|x64
		{1D82F949-5362-47CC-A77E-A8F137327116}.Release|x64.Build.0 = Release|x64
		{1D82F949-5362-47CC-A77E-A8F137327116}.Release|x64.Deploy.0 = Release|x64
		{1D82F949-5362-47CC-A77E-A8F137327116}.Release|x86.ActiveCfg = Release|x86
		{1D82F949-5362-47CC-A77E-A8F137327116}.Release|x86.Build.0 = Release|x86
		{1D82F949-5362-47CC-A77E-A8F137327116}.Release|x86.Deploy.0 = Release|x86
		{8998D012-49CE-4A84-917E-FD4FFEC3FEF5}.Debug|Any CPU.ActiveCfg = Debug|Any CPU
		{8998D012-49CE-4A84-917E-FD4FFEC3FEF5}.Debug|Any CPU.Build.0 = Debug|Any CPU
		{8998D012-49CE-4A84-917E-FD4FFEC3FEF5}.Debug|ARM.ActiveCfg = Debug|Any CPU
		{8998D012-49CE-4A84-917E-FD4FFEC3FEF5}.Debug|ARM.Build.0 = Debug|Any CPU
		{8998D012-49CE-4A84-917E-FD4FFEC3FEF5}.Debug|ARM64.ActiveCfg = Debug|Any CPU
		{8998D012-49CE-4A84-917E-FD4FFEC3FEF5}.Debug|ARM64.Build.0 = Debug|Any CPU
		{8998D012-49CE-4A84-917E-FD4FFEC3FEF5}.Debug|x64.ActiveCfg = Debug|Any CPU
		{8998D012-49CE-4A84-917E-FD4FFEC3FEF5}.Debug|x64.Build.0 = Debug|Any CPU
		{8998D012-49CE-4A84-917E-FD4FFEC3FEF5}.Debug|x86.ActiveCfg = Debug|Any CPU
		{8998D012-49CE-4A84-917E-FD4FFEC3FEF5}.Debug|x86.Build.0 = Debug|Any CPU
		{8998D012-49CE-4A84-917E-FD4FFEC3FEF5}.Release|Any CPU.ActiveCfg = Release|Any CPU
		{8998D012-49CE-4A84-917E-FD4FFEC3FEF5}.Release|Any CPU.Build.0 = Release|Any CPU
		{8998D012-49CE-4A84-917E-FD4FFEC3FEF5}.Release|ARM.ActiveCfg = Release|Any CPU
		{8998D012-49CE-4A84-917E-FD4FFEC3FEF5}.Release|ARM.Build.0 = Release|Any CPU
		{8998D012-49CE-4A84-917E-FD4FFEC3FEF5}.Release|ARM64.ActiveCfg = Release|Any CPU
		{8998D012-49CE-4A84-917E-FD4FFEC3FEF5}.Release|ARM64.Build.0 = Release|Any CPU
		{8998D012-49CE-4A84-917E-FD4FFEC3FEF5}.Release|x64.ActiveCfg = Release|Any CPU
		{8998D012-49CE-4A84-917E-FD4FFEC3FEF5}.Release|x64.Build.0 = Release|Any CPU
		{8998D012-49CE-4A84-917E-FD4FFEC3FEF5}.Release|x86.ActiveCfg = Release|Any CPU
		{8998D012-49CE-4A84-917E-FD4FFEC3FEF5}.Release|x86.Build.0 = Release|Any CPU
		{64716EB6-B92C-4A2D-A505-C404C44A181D}.Debug|Any CPU.ActiveCfg = Debug|Any CPU
		{64716EB6-B92C-4A2D-A505-C404C44A181D}.Debug|Any CPU.Build.0 = Debug|Any CPU
		{64716EB6-B92C-4A2D-A505-C404C44A181D}.Debug|ARM.ActiveCfg = Debug|Any CPU
		{64716EB6-B92C-4A2D-A505-C404C44A181D}.Debug|ARM.Build.0 = Debug|Any CPU
		{64716EB6-B92C-4A2D-A505-C404C44A181D}.Debug|ARM64.ActiveCfg = Debug|Any CPU
		{64716EB6-B92C-4A2D-A505-C404C44A181D}.Debug|ARM64.Build.0 = Debug|Any CPU
		{64716EB6-B92C-4A2D-A505-C404C44A181D}.Debug|x64.ActiveCfg = Debug|Any CPU
		{64716EB6-B92C-4A2D-A505-C404C44A181D}.Debug|x64.Build.0 = Debug|Any CPU
		{64716EB6-B92C-4A2D-A505-C404C44A181D}.Debug|x86.ActiveCfg = Debug|Any CPU
		{64716EB6-B92C-4A2D-A505-C404C44A181D}.Debug|x86.Build.0 = Debug|Any CPU
		{64716EB6-B92C-4A2D-A505-C404C44A181D}.Release|Any CPU.ActiveCfg = Release|Any CPU
		{64716EB6-B92C-4A2D-A505-C404C44A181D}.Release|Any CPU.Build.0 = Release|Any CPU
		{64716EB6-B92C-4A2D-A505-C404C44A181D}.Release|ARM.ActiveCfg = Release|Any CPU
		{64716EB6-B92C-4A2D-A505-C404C44A181D}.Release|ARM.Build.0 = Release|Any CPU
		{64716EB6-B92C-4A2D-A505-C404C44A181D}.Release|ARM64.ActiveCfg = Release|Any CPU
		{64716EB6-B92C-4A2D-A505-C404C44A181D}.Release|ARM64.Build.0 = Release|Any CPU
		{64716EB6-B92C-4A2D-A505-C404C44A181D}.Release|x64.ActiveCfg = Release|Any CPU
		{64716EB6-B92C-4A2D-A505-C404C44A181D}.Release|x64.Build.0 = Release|Any CPU
		{64716EB6-B92C-4A2D-A505-C404C44A181D}.Release|x86.ActiveCfg = Release|Any CPU
		{64716EB6-B92C-4A2D-A505-C404C44A181D}.Release|x86.Build.0 = Release|Any CPU
		{B68572AC-1DBE-47AF-8686-8FF11299CDA0}.Debug|Any CPU.ActiveCfg = Debug|Any CPU
		{B68572AC-1DBE-47AF-8686-8FF11299CDA0}.Debug|Any CPU.Build.0 = Debug|Any CPU
		{B68572AC-1DBE-47AF-8686-8FF11299CDA0}.Debug|ARM.ActiveCfg = Debug|Any CPU
		{B68572AC-1DBE-47AF-8686-8FF11299CDA0}.Debug|ARM.Build.0 = Debug|Any CPU
		{B68572AC-1DBE-47AF-8686-8FF11299CDA0}.Debug|ARM64.ActiveCfg = Debug|Any CPU
		{B68572AC-1DBE-47AF-8686-8FF11299CDA0}.Debug|ARM64.Build.0 = Debug|Any CPU
		{B68572AC-1DBE-47AF-8686-8FF11299CDA0}.Debug|x64.ActiveCfg = Debug|Any CPU
		{B68572AC-1DBE-47AF-8686-8FF11299CDA0}.Debug|x64.Build.0 = Debug|Any CPU
		{B68572AC-1DBE-47AF-8686-8FF11299CDA0}.Debug|x86.ActiveCfg = Debug|Any CPU
		{B68572AC-1DBE-47AF-8686-8FF11299CDA0}.Debug|x86.Build.0 = Debug|Any CPU
		{B68572AC-1DBE-47AF-8686-8FF11299CDA0}.Release|Any CPU.ActiveCfg = Release|Any CPU
		{B68572AC-1DBE-47AF-8686-8FF11299CDA0}.Release|Any CPU.Build.0 = Release|Any CPU
		{B68572AC-1DBE-47AF-8686-8FF11299CDA0}.Release|ARM.ActiveCfg = Release|Any CPU
		{B68572AC-1DBE-47AF-8686-8FF11299CDA0}.Release|ARM.Build.0 = Release|Any CPU
		{B68572AC-1DBE-47AF-8686-8FF11299CDA0}.Release|ARM64.ActiveCfg = Release|Any CPU
		{B68572AC-1DBE-47AF-8686-8FF11299CDA0}.Release|ARM64.Build.0 = Release|Any CPU
		{B68572AC-1DBE-47AF-8686-8FF11299CDA0}.Release|x64.ActiveCfg = Release|Any CPU
		{B68572AC-1DBE-47AF-8686-8FF11299CDA0}.Release|x64.Build.0 = Release|Any CPU
		{B68572AC-1DBE-47AF-8686-8FF11299CDA0}.Release|x86.ActiveCfg = Release|Any CPU
		{B68572AC-1DBE-47AF-8686-8FF11299CDA0}.Release|x86.Build.0 = Release|Any CPU
	EndGlobalSection
	GlobalSection(SolutionProperties) = preSolution
		HideSolutionNode = FALSE
	EndGlobalSection
	GlobalSection(ExtensibilityGlobals) = postSolution
		SolutionGuid = {0FC008DB-270E-4846-B2B4-4EA69B3D0D29}
	EndGlobalSection
EndGlobal
